{
  "nodes": {
    "dotfiles": {
      "flake": false,
      "locked": {
        "lastModified": 1654179945,
        "narHash": "sha256-vnD7vu/hRBPoqL6Wse9CELitW30a9P++QTPnNm1qHjE=",
        "owner": "h7x4abk3g",
        "repo": "dotfiles",
        "rev": "37bdd48de4bfa8e03a8ab5ef840b2509e193e6a1",
        "type": "github"
      },
      "original": {
        "owner": "h7x4abk3g",
        "repo": "dotfiles",
        "type": "github"
      }
    },
    "flake-utils": {
      "locked": {
        "lastModified": 1644229661,
        "narHash": "sha256-1YdnJAsNy69bpcjuoKdOYQX0YxZBiCYZo4Twxerqv7k=",
        "owner": "numtide",
        "repo": "flake-utils",
        "rev": "3cecb5b042f7f209c56ffd8371b2711a290ec797",
        "type": "github"
      },
      "original": {
        "owner": "numtide",
        "repo": "flake-utils",
        "type": "github"
      }
    },
    "fonts": {
      "flake": false,
      "locked": {
        "lastModified": 1651945262,
        "narHash": "sha256-7r0hq5G/HjK6yVOt18VKaxuJcGM6GPu/jmwbkksJ7LE=",
        "path": "/home/h7x4/git/fonts",
        "type": "path"
      },
      "original": {
        "path": "/home/h7x4/git/fonts",
        "type": "path"
      }
    },
    "home-manager": {
      "inputs": {
        "nixpkgs": [
          "nixpkgs"
        ]
      },
      "locked": {
        "lastModified": 1654113405,
        "narHash": "sha256-VpK+0QaWG2JRgB00lw77N9TjkE3ec0iMYIX1TzGpxa4=",
        "owner": "nix-community",
        "repo": "home-manager",
        "rev": "ac2287df5a2d6f0a44bbcbd11701dbbf6ec43675",
        "type": "github"
      },
      "original": {
        "owner": "nix-community",
        "ref": "release-22.05",
        "repo": "home-manager",
        "type": "github"
      }
    },
    "nixpkgs": {
      "locked": {
        "lastModified": 1654005557,
        "narHash": "sha256-J6elwUzPoco+r5qWPHhvS2EHVWomUtNcxzkfdAQOwEU=",
        "owner": "NixOS",
        "repo": "nixpkgs",
        "rev": "08950a6e29cf7bddee466592eb790a417550f7f9",
        "type": "github"
      },
      "original": {
        "id": "nixpkgs",
        "ref": "nixos-22.05",
        "type": "indirect"
      }
    },
    "root": {
      "inputs": {
        "dotfiles": "dotfiles",
        "fonts": "fonts",
        "home-manager": "home-manager",
        "nixpkgs": "nixpkgs",
        "secrets": "secrets",
        "website": "website"
      }
    },
    "secrets": {
      "inputs": {
        "nixpkgs": [
          "nixpkgs"
        ]
      },
      "locked": {
        "lastModified": 1649608490,
        "narHash": "sha256-tVzuIvLtLybKWvQU4DwCq1B1tS7OyJIHaIUT8pc/rOI=",
        "ref": "main",
        "rev": "02206a27ecd80602a23d42ac01059bd1a335e172",
        "revCount": 23,
        "type": "git",
        "url": "file:///home/h7x4/git/nix-secrets"
      },
      "original": {
        "type": "git",
        "url": "file:///home/h7x4/git/nix-secrets"
      }
    },
    "website": {
      "inputs": {
        "flake-utils": "flake-utils",
        "nixpkgs": [
          "nixpkgs"
        ]
      },
      "locked": {
        "lastModified": 1648430064,
        "narHash": "sha256-kPRmFqlTWPrlyaVkOm/dWbui2EDzaCmwjwBRv3nciSw=",
        "ref": "main",
        "rev": "9fc1893ad33ae78c30f81b6438bf1bd5097a1ae3",
        "revCount": 61,
        "type": "git",
        "url": "https://git.nani.wtf/h7x4/nani.wtf"
      },
      "original": {
        "ref": "main",
        "type": "git",
        "url": "https://git.nani.wtf/h7x4/nani.wtf"
      }
    }
  },
  "root": "root",
  "version": 7
}
