{
  "nodes": {
    "anyrun": {
      "inputs": {
        "flake-parts": "flake-parts",
        "nixpkgs": [
          "nixpkgs"
        ],
        "systems": "systems"
      },
      "locked": {
        "lastModified": 1733604390,
        "narHash": "sha256-i1V+K46e0OSu3T9q2QsZ3GqpIrSIZx39sRpfcDPa6wU=",
        "ref": "plugins-application-preprocess-exec",
        "rev": "f9ef5665febcabd03ad2f0ce561c79974194a953",
        "revCount": 197,
        "type": "git",
        "url": "https://git.pvv.ntnu.no/oysteikt/anyrun"
      },
      "original": {
        "ref": "plugins-application-preprocess-exec",
        "type": "git",
        "url": "https://git.pvv.ntnu.no/oysteikt/anyrun"
      }
    },
    "flake-compat": {
      "flake": false,
      "locked": {
        "lastModified": 1733328505,
        "narHash": "sha256-NeCCThCEP3eCl2l/+27kNNK7QrwZB1IJCrXfrbv5oqU=",
        "owner": "edolstra",
        "repo": "flake-compat",
        "rev": "ff81ac966bb2cae68946d5ed5fc4994f96d0ffec",
        "type": "github"
      },
      "original": {
        "owner": "edolstra",
        "repo": "flake-compat",
        "type": "github"
      }
    },
    "flake-parts": {
      "inputs": {
        "nixpkgs-lib": [
          "anyrun",
          "nixpkgs"
        ]
      },
      "locked": {
        "lastModified": 1727826117,
        "narHash": "sha256-K5ZLCyfO/Zj9mPFldf3iwS6oZStJcU4tSpiXTMYaaL0=",
        "owner": "hercules-ci",
        "repo": "flake-parts",
        "rev": "3d04084d54bedc3d6b8b736c70ef449225c361b1",
        "type": "github"
      },
      "original": {
        "owner": "hercules-ci",
        "repo": "flake-parts",
        "type": "github"
      }
    },
    "flake-utils": {
      "inputs": {
        "systems": "systems_2"
      },
      "locked": {
        "lastModified": 1731533236,
        "narHash": "sha256-l0KFg5HjrsfsO/JpG+r7fRrqm12kzFHyUHqHCVpMMbI=",
        "owner": "numtide",
        "repo": "flake-utils",
        "rev": "11707dc2f618dd54ca8739b309ec4fc024de578b",
        "type": "github"
      },
      "original": {
        "owner": "numtide",
        "repo": "flake-utils",
        "type": "github"
      }
    },
    "home-manager": {
      "inputs": {
        "nixpkgs": [
          "nixpkgs"
        ]
      },
      "locked": {
        "lastModified": 1742655702,
        "narHash": "sha256-jbqlw4sPArFtNtA1s3kLg7/A4fzP4GLk9bGbtUJg0JQ=",
        "owner": "nix-community",
        "repo": "home-manager",
        "rev": "0948aeedc296f964140d9429223c7e4a0702a1ff",
        "type": "github"
      },
      "original": {
        "owner": "nix-community",
        "ref": "release-24.11",
        "repo": "home-manager",
        "type": "github"
      }
    },
    "matrix-synapse-next": {
      "inputs": {
        "nixpkgs": [
          "nixpkgs"
        ]
      },
      "locked": {
        "lastModified": 1735857245,
        "narHash": "sha256-AKLLPrgXTxgzll3DqVUMa4QlPlRN3QceutgFBmEf8Nk=",
        "owner": "dali99",
        "repo": "nixos-matrix-modules",
        "rev": "da9dc0479ffe22362793c87dc089035facf6ec4d",
        "type": "github"
      },
      "original": {
        "owner": "dali99",
        "ref": "0.7.0",
        "repo": "nixos-matrix-modules",
        "type": "github"
      }
    },
    "maunium-stickerpicker": {
      "inputs": {
        "mauniumStickerpicker": "mauniumStickerpicker",
        "nixpkgs": [
          "nixpkgs"
        ]
      },
      "locked": {
        "lastModified": 1717347239,
        "narHash": "sha256-2XHUSIr+MOT7/63i5M1NhJrkaurp9+dE0rWATHVvunY=",
        "owner": "h7x4",
        "repo": "maunium-stickerpicker-nix",
        "rev": "5761aba540580a0c0e5168cfb1422825b2e8e360",
        "type": "github"
      },
      "original": {
        "owner": "h7x4",
        "ref": "0.1.0",
        "repo": "maunium-stickerpicker-nix",
        "type": "github"
      }
    },
    "mauniumStickerpicker": {
      "flake": false,
      "locked": {
        "lastModified": 1716038335,
        "narHash": "sha256-OjmeIkSds59i6lHG/M3Z+32k9nGgm/owJ4x+xwyx0Qs=",
        "owner": "maunium",
        "repo": "stickerpicker",
        "rev": "47f17fde452b5e9f0c9e96ce0e2c878dd0574b7f",
        "type": "github"
      },
      "original": {
        "owner": "maunium",
        "repo": "stickerpicker",
        "type": "github"
      }
    },
    "minecraft": {
      "inputs": {
        "flake-compat": "flake-compat",
        "flake-utils": "flake-utils",
        "nixpkgs": [
          "nixpkgs-unstable"
        ]
      },
      "locked": {
        "lastModified": 1743097263,
        "narHash": "sha256-Af/fF5Lxi1fTo69ygdyJlcIyrYACczBshldEIUWyf9A=",
        "owner": "infinidoge",
        "repo": "nix-minecraft",
        "rev": "dd88b706b63259a206fcafe07229d820abbf47f9",
        "type": "github"
      },
      "original": {
        "owner": "infinidoge",
        "ref": "master",
        "repo": "nix-minecraft",
        "type": "github"
      }
    },
    "nixos-hardware": {
      "locked": {
        "lastModified": 1742806253,
        "narHash": "sha256-zvQ4GsCJT6MTOzPKLmlFyM+lxo0JGQ0cSFaZSACmWfY=",
        "owner": "NixOS",
        "repo": "nixos-hardware",
        "rev": "ecaa2d911e77c265c2a5bac8b583c40b0f151726",
        "type": "github"
      },
      "original": {
        "owner": "NixOS",
        "ref": "master",
        "repo": "nixos-hardware",
        "type": "github"
      }
    },
    "nixpkgs": {
      "locked": {
        "lastModified": 1742937945,
        "narHash": "sha256-lWc+79eZRyvHp/SqMhHTMzZVhpxkRvthsP1Qx6UCq0E=",
        "owner": "NixOS",
        "repo": "nixpkgs",
        "rev": "d02d88f8de5b882ccdde0465d8fa2db3aa1169f7",
        "type": "github"
      },
      "original": {
        "id": "nixpkgs",
        "ref": "nixos-24.11",
        "type": "indirect"
      }
    },
    "nixpkgs-unstable": {
      "locked": {
        "lastModified": 1743014863,
        "narHash": "sha256-jAIUqsiN2r3hCuHji80U7NNEafpIMBXiwKlSrjWMlpg=",
        "owner": "NixOS",
        "repo": "nixpkgs",
        "rev": "bd3bac8bfb542dbde7ffffb6987a1a1f9d41699f",
        "type": "github"
      },
      "original": {
        "id": "nixpkgs",
        "ref": "nixpkgs-unstable",
        "type": "indirect"
      }
    },
    "nixpkgs-yet-unstabler": {
      "locked": {
        "lastModified": 1743149950,
        "narHash": "sha256-ykdaYd79SXQdYjOzud82nWiEQxOTmV4YRymblQL41lc=",
        "owner": "NixOS",
        "repo": "nixpkgs",
        "rev": "ed37e40f79e4d9bc17fd58930302934190ca7301",
        "type": "github"
      },
      "original": {
        "owner": "NixOS",
        "ref": "master",
        "repo": "nixpkgs",
        "type": "github"
      }
    },
    "osuchan": {
      "inputs": {
        "nixpkgs": [
          "nixpkgs"
        ]
      },
      "locked": {
        "lastModified": 1684092181,
        "narHash": "sha256-Oi6G8Jx2RkEMi3UndtAnZw61hfgKGEe7l/ILdB9ump4=",
        "ref": "refs/heads/master",
        "rev": "028ed8774d1cf4650fc15253146cf14451eb608c",
        "revCount": 43,
        "type": "git",
        "url": "file:///home/h7x4/git/osuchan-line-bot"
      },
      "original": {
        "type": "git",
        "url": "file:///home/h7x4/git/osuchan-line-bot"
      }
    },
    "root": {
      "inputs": {
        "anyrun": "anyrun",
        "home-manager": "home-manager",
        "matrix-synapse-next": "matrix-synapse-next",
        "maunium-stickerpicker": "maunium-stickerpicker",
        "minecraft": "minecraft",
        "nixos-hardware": "nixos-hardware",
        "nixpkgs": "nixpkgs",
        "nixpkgs-unstable": "nixpkgs-unstable",
        "nixpkgs-yet-unstabler": "nixpkgs-yet-unstabler",
        "osuchan": "osuchan",
        "sops-nix": "sops-nix"
      }
    },
    "sops-nix": {
      "inputs": {
        "nixpkgs": [
          "nixpkgs"
        ]
      },
      "locked": {
        "lastModified": 1742700801,
        "narHash": "sha256-ZGlpUDsuBdeZeTNgoMv+aw0ByXT2J3wkYw9kJwkAS4M=",
        "owner": "Mic92",
        "repo": "sops-nix",
        "rev": "67566fe68a8bed2a7b1175fdfb0697ed22ae8852",
        "type": "github"
      },
      "original": {
        "owner": "Mic92",
        "repo": "sops-nix",
        "type": "github"
      }
    },
    "systems": {
      "locked": {
        "lastModified": 1689347949,
        "narHash": "sha256-12tWmuL2zgBgZkdoB6qXZsgJEH9LR3oUgpaQq2RbI80=",
        "owner": "nix-systems",
        "repo": "default-linux",
        "rev": "31732fcf5e8fea42e59c2488ad31a0e651500f68",
        "type": "github"
      },
      "original": {
        "owner": "nix-systems",
        "repo": "default-linux",
        "type": "github"
      }
    },
    "systems_2": {
      "locked": {
        "lastModified": 1681028828,
        "narHash": "sha256-Vy1rq5AaRuLzOxct8nz4T6wlgyUR7zLU309k9mBC768=",
        "owner": "nix-systems",
        "repo": "default",
        "rev": "da67096a3b9bf56a91d16901293e51ba5b49a27e",
        "type": "github"
      },
      "original": {
        "owner": "nix-systems",
        "repo": "default",
        "type": "github"
      }
    }
  },
  "root": "root",
  "version": 7
}
