{
  "nodes": {
    "dotfiles": {
      "flake": false,
      "locked": {
        "lastModified": 1646666700,
        "narHash": "sha256-RYIWLAgxtVEwtHAETeQDzF84Sk2mWtyzLlli0MvWNG4=",
        "owner": "h7x4abk3g",
        "repo": "dotfiles",
        "rev": "678c83b1908fe37f8a3a9f2c8a3a91adb7a6c5aa",
        "type": "github"
      },
      "original": {
        "owner": "h7x4abk3g",
        "repo": "dotfiles",
        "type": "github"
      }
    },
    "home-manager": {
      "inputs": {
        "nixpkgs": [
          "nixpkgs"
        ]
      },
      "locked": {
        "lastModified": 1647175256,
        "narHash": "sha256-7H+veXPM7IwdN1DoZqliwb9sghlN56koV5dnCu1kpsc=",
        "owner": "nix-community",
        "repo": "home-manager",
        "rev": "a8d00f5c038cf7ec54e7dac9c57b171c1217f008",
        "type": "github"
      },
      "original": {
        "owner": "nix-community",
        "ref": "release-21.11",
        "repo": "home-manager",
        "type": "github"
      }
    },
    "nixpkgs": {
      "locked": {
        "lastModified": 1647820583,
        "narHash": "sha256-2awN2f/dXpVvms6zo2e4TBaZDtQNucMrruqNPIvb518=",
        "owner": "NixOS",
        "repo": "nixpkgs",
        "rev": "01e87b327aa89d9d60fba192085bccddaa2d1b24",
        "type": "github"
      },
      "original": {
        "id": "nixpkgs",
        "ref": "nixos-21.11",
        "type": "indirect"
      }
    },
    "root": {
      "inputs": {
        "dotfiles": "dotfiles",
        "home-manager": "home-manager",
        "nixpkgs": "nixpkgs",
        "secrets": "secrets"
      }
    },
    "secrets": {
      "inputs": {
        "nixpkgs": [
          "nixpkgs"
        ]
      },
      "locked": {
        "lastModified": 1647943275,
        "narHash": "sha256-uSrGOtugLzyoyOtE1Bzv0HdlO1OJIl+rzoAZbxKP43c=",
        "ref": "main",
        "rev": "c76aa71028beca7f8c44adc6e6881b88843b4bb9",
        "revCount": 20,
        "type": "git",
        "url": "file:///home/h7x4/git/nix-secrets"
      },
      "original": {
        "type": "git",
        "url": "file:///home/h7x4/git/nix-secrets"
      }
    }
  },
  "root": "root",
  "version": 7
}
